PODS:
  - Alamofire (4.9.1)
  - Kanna (5.0.0)

DEPENDENCIES:
  - Alamofire
  - Kanna

SPEC REPOS:
  trunk:
    - Alamofire
    - Kanna

SPEC CHECKSUMS:
  Alamofire: 85e8a02c69d6020a0d734f6054870d7ecb75cf18
  Kanna: a32875df62975f8f4b871e933b4ea1a5c3b8be0f

PODFILE CHECKSUM: b4adc80aaa145c35e8697738020572d8ab63b07b

COCOAPODS: 1.8.4
